version = 1
revision = 3
requires-python = ">=3.12"

[[package]]
name = "colorama"
version = "0.4.6"
source = { registry = "https://pypi.org/simple" }
sdist = { url = "https://files.pythonhosted.org/packages/d8/53/6f443c9a4a8358a93a6792e2acffb9d9d5cb0a5cfd8802644b7b1c9a02e4/colorama-0.4.6.tar.gz", hash = "sha256:08695f5cb7ed6e0531a20572697297273c47b8cae5a63ffc6d6ed5c201be6e44", size = 27697, upload-time = "2022-10-25T02:36:22.414Z" }
wheels = [
    { url = "https://files.pythonhosted.org/packages/d1/d6/3965ed04c63042e047cb6a3e6ed1a63a35087b6a609aa3a15ed8ac56c221/colorama-0.4.6-py2.py3-none-any.whl", hash = "sha256:4f1d9991f5acc0ca119f9d443620b77f9d6b33703e51011c16baf57afb285fc6", size = 25335, upload-time = "2022-10-25T02:36:20.889Z" },
]

[[package]]
name = "iniconfig"
version = "2.3.0"
source = { registry = "https://pypi.org/simple" }
sdist = { url = "https://files.pythonhosted.org/packages/72/34/14ca021ce8e5dfedc35312d08ba8bf51fdd999c576889fc2c24cb97f4f10/iniconfig-2.3.0.tar.gz", hash = "sha256:c76315c77db068650d49c5b56314774a7804df16fee4402c1f19d6d15d8c4730", size = 20503, upload-time = "2025-10-18T21:55:43.219Z" }
wheels = [
    { url = "https://files.pythonhosted.org/packages/cb/b1/3846dd7f199d53cb17f49cba7e651e9ce294d8497c8c150530ed11865bb8/iniconfig-2.3.0-py3-none-any.whl", hash = "sha256:f631c04d2c48c52b84d0d0549c99ff3859c98df65b3101406327ecc7d53fbf12", size = 7484, upload-time = "2025-10-18T21:55:41.639Z" },
]

[[package]]
name = "kuzu"
version = "0.11.3"
source = { registry = "https://pypi.org/simple" }
sdist = { url = "https://files.pythonhosted.org/packages/96/0c/f141a81485729a072dc527b474e7580d5632309c68ad1a5aa6ed9ac45387/kuzu-0.11.3.tar.gz", hash = "sha256:e7bea3ca30c4bb462792eedcaa7f2125c800b243bb4a872e1eedc16917c1967a", size = 19430620, upload-time = "2025-10-10T13:36:54.984Z" }
wheels = [
    { url = "https://files.pythonhosted.org/packages/64/88/ed193fd0ddfdbdde6c79e96b96df3b760fe48b2626e7151d81a1ed90fd9f/kuzu-0.11.3-cp312-cp312-macosx_11_0_arm64.whl", hash = "sha256:d865ca31506867cf1ccf50c094c44de96de94bc77ffb350bfcaca0e4c5e469da", size = 4093637, upload-time = "2025-10-10T13:36:04.206Z" },
    { url = "https://files.pythonhosted.org/packages/d6/6d/06e02828b78297d6d99ff3dfb0ab7b5ec5d075053aae33b53189437bbb66/kuzu-0.11.3-cp312-cp312-macosx_11_0_x86_64.whl", hash = "sha256:109372bc16ce6724f88e0312bc686e34145e330d69b163b22ba92f4d3d96b48f", size = 4520482, upload-time = "2025-10-10T13:36:06.302Z" },
    { url = "https://files.pythonhosted.org/packages/72/d5/0939a953860a8b373bef7b8a66a4571b27ff9faeb22672d2cd2cf3b6ba15/kuzu-0.11.3-cp312-cp312-manylinux_2_26_aarch64.manylinux_2_28_aarch64.whl", hash = "sha256:d6274da6c470c001b7d332ec78a076395b009c2f267914640884fd6fa78bf47d", size = 6795398, upload-time = "2025-10-10T13:36:08Z" },
    { url = "https://files.pythonhosted.org/packages/7d/5d/8e3dfb89aa3f70f63aa283c523f2dd2ac90a1b3ed990643e3a89909236f9/kuzu-0.11.3-cp312-cp312-manylinux_2_27_x86_64.manylinux_2_28_x86_64.whl", hash = "sha256:1bb3b833ca2d1d919423cb3e0150592c2587562ab85259277f622e6f06e0b487", size = 7615389, upload-time = "2025-10-10T13:36:09.809Z" },
    { url = "https://files.pythonhosted.org/packages/6c/19/c8e93185d6142f01b2e6daec4ad537dfd32afd1f69894889769b725b08c1/kuzu-0.11.3-cp312-cp312-win_amd64.whl", hash = "sha256:605909f744763775b8647014a03526d7f928a7b5a62a8b8c1d1e7bbdaf9dbb6c", size = 4714355, upload-time = "2025-10-10T13:36:11.527Z" },
    { url = "https://files.pythonhosted.org/packages/c9/e4/2c0e222a9b0605745234fec2774a25dd2e472699931f683f15d28ab8c076/kuzu-0.11.3-cp313-cp313-macosx_11_0_arm64.whl", hash = "sha256:e20ab3e3b20ccf75219872feb86582f959e313eeb59f51131adf4c91ebfabe30", size = 4093664, upload-time = "2025-10-10T13:36:13.116Z" },
    { url = "https://files.pythonhosted.org/packages/88/05/3020ed9a0a7b492597f211f805233b77ef37266a23c27efc40bb7cb37402/kuzu-0.11.3-cp313-cp313-macosx_11_0_x86_64.whl", hash = "sha256:054479d3ce71410b8af2f5fa6aa37883db7fea5b25606af8d3bd7cf717aa5395", size = 4520498, upload-time = "2025-10-10T13:36:14.933Z" },
    { url = "https://files.pythonhosted.org/packages/0f/66/1a502700a7f2863f8f60621a412a7074d7eda9e92f18fd1d8d86905aa4d3/kuzu-0.11.3-cp313-cp313-manylinux_2_26_aarch64.manylinux_2_28_aarch64.whl", hash = "sha256:143a37f1ae38b6b4337ccfcf42fa4f779a897223fff9c6c29f1a5a5a86911300", size = 6795804, upload-time = "2025-10-10T13:36:16.55Z" },
    { url = "https://files.pythonhosted.org/packages/79/c2/1ea8cdc05946cb5906a7ebb451d7268e501ebb51ebecc0437969f8c07450/kuzu-0.11.3-cp313-cp313-manylinux_2_27_x86_64.manylinux_2_28_x86_64.whl", hash = "sha256:548bfb3045d89bce1fbe89f4a890d636789671abfa80cbde2054c671e6069133", size = 7615668, upload-time = "2025-10-10T13:36:18.882Z" },
    { url = "https://files.pythonhosted.org/packages/d1/c3/336d6181f8f50126cf3d7186b3c5479f9f49d973145f79bed45cf87a9bb7/kuzu-0.11.3-cp313-cp313-win_amd64.whl", hash = "sha256:87bf6c369f182a59e5b8a38b3ca288b90fab2827577d9b0d2170a202c42bc8f5", size = 4714372, upload-time = "2025-10-10T13:36:20.877Z" },
    { url = "https://files.pythonhosted.org/packages/94/db/e7e6cada6dc924eb8939bd35c5f724f5de4fc430a64d6d9e71b75cd0c271/kuzu-0.11.3-cp313-cp313t-manylinux_2_26_aarch64.manylinux_2_28_aarch64.whl", hash = "sha256:eb5c165bc5838059e498e8325939fc6bac075e1941157e8df6ebdd710135d43b", size = 6798556, upload-time = "2025-10-10T13:36:22.472Z" },
    { url = "https://files.pythonhosted.org/packages/cf/68/a0fa02134cb255c80b5ed5bb5f6130fbbc75a8ae8be4fd6ea6eb6bc8014b/kuzu-0.11.3-cp313-cp313t-manylinux_2_27_x86_64.manylinux_2_28_x86_64.whl", hash = "sha256:88c73dfd3d6a1fb374031050b725236fa9dd9a95424b09b20086a3d274bed51f", size = 7620378, upload-time = "2025-10-10T13:36:24.453Z" },
    { url = "https://files.pythonhosted.org/packages/d6/b7/2a4569984995f09476dbf1ef2e0a7298aa9fdb8896f2e8195d80e11786f4/kuzu-0.11.3-cp314-cp314-manylinux_2_26_aarch64.manylinux_2_28_aarch64.whl", hash = "sha256:9d2752a9e37adda6aef3bf041932ae3a1cf74ca7e893bbbacdd5e62b3ac6f8c2", size = 6795649, upload-time = "2025-10-10T13:36:26.15Z" },
    { url = "https://files.pythonhosted.org/packages/77/13/df6e06a7d7506743c3a6cfbe50ee3f9d3fc58228e2a2fcbe7e74e7c17b00/kuzu-0.11.3-cp314-cp314-manylinux_2_27_x86_64.manylinux_2_28_x86_64.whl", hash = "sha256:86be7d113e4e2c6761b1701079af8aeffc04c6981517f2d6aa393e883cc46036", size = 7615882, upload-time = "2025-10-10T13:36:28.215Z" },
    { url = "https://files.pythonhosted.org/packages/32/85/c52c3b167edcc67da3b8788a20a2fb5b4f045060cbe1aed6121ce3ce83d3/kuzu-0.11.3-cp314-cp314t-manylinux_2_26_aarch64.manylinux_2_28_aarch64.whl", hash = "sha256:d72ebd88e231b562e7a60ff88d200825d53e78a681bddd7f8d77b78126a5060c", size = 6798657, upload-time = "2025-10-10T13:36:29.935Z" },
    { url = "https://files.pythonhosted.org/packages/06/be/5b4ff168718165c2ff5848ab79e22ecce72ad00522afee6820d390cb0753/kuzu-0.11.3-cp314-cp314t-manylinux_2_27_x86_64.manylinux_2_28_x86_64.whl", hash = "sha256:64c7ec822906bdee154eb38d93e64f184d8f94b30bbeaceaa252725f2b9efab3", size = 7620394, upload-time = "2025-10-10T13:36:31.69Z" },
]

[[package]]
name = "packaging"
version = "26.2"
source = { registry = "https://pypi.org/simple" }
sdist = { url = "https://files.pythonhosted.org/packages/d7/f1/e7a6dd94a8d4a5626c03e4e99c87f241ba9e350cd9e6d75123f992427270/packaging-26.2.tar.gz", hash = "sha256:ff452ff5a3e828ce110190feff1178bb1f2ea2281fa2075aadb987c2fb221661", size = 228134, upload-time = "2026-04-24T20:15:23.917Z" }
wheels = [
    { url = "https://files.pythonhosted.org/packages/df/b2/87e62e8c3e2f4b32e5fe99e0b86d576da1312593b39f47d8ceef365e95ed/packaging-26.2-py3-none-any.whl", hash = "sha256:5fc45236b9446107ff2415ce77c807cee2862cb6fac22b8a73826d0693b0980e", size = 100195, upload-time = "2026-04-24T20:15:22.081Z" },
]

[[package]]
name = "pluggy"
version = "1.6.0"
source = { registry = "https://pypi.org/simple" }
sdist = { url = "https://files.pythonhosted.org/packages/f9/e2/3e91f31a7d2b083fe6ef3fa267035b518369d9511ffab804f839851d2779/pluggy-1.6.0.tar.gz", hash = "sha256:7dcc130b76258d33b90f61b658791dede3486c3e6bfb003ee5c9bfb396dd22f3", size = 69412, upload-time = "2025-05-15T12:30:07.975Z" }
wheels = [
    { url = "https://files.pythonhosted.org/packages/54/20/4d324d65cc6d9205fabedc306948156824eb9f0ee1633355a8f7ec5c66bf/pluggy-1.6.0-py3-none-any.whl", hash = "sha256:e920276dd6813095e9377c0bc5566d94c932c33b27a3e3945d8389c374dd4746", size = 20538, upload-time = "2025-05-15T12:30:06.134Z" },
]

[[package]]
name = "pygments"
version = "2.20.0"
source = { registry = "https://pypi.org/simple" }
sdist = { url = "https://files.pythonhosted.org/packages/c3/b2/bc9c9196916376152d655522fdcebac55e66de6603a76a02bca1b6414f6c/pygments-2.20.0.tar.gz", hash = "sha256:6757cd03768053ff99f3039c1a36d6c0aa0b263438fcab17520b30a303a82b5f", size = 4955991, upload-time = "2026-03-29T13:29:33.898Z" }
wheels = [
    { url = "https://files.pythonhosted.org/packages/f4/7e/a72dd26f3b0f4f2bf1dd8923c85f7ceb43172af56d63c7383eb62b332364/pygments-2.20.0-py3-none-any.whl", hash = "sha256:81a9e26dd42fd28a23a2d169d86d7ac03b46e2f8b59ed4698fb4785f946d0176", size = 1231151, upload-time = "2026-03-29T13:29:30.038Z" },
]

[[package]]
name = "pymupdf"
version = "1.27.2.3"
source = { registry = "https://pypi.org/simple" }
sdist = { url = "https://files.pythonhosted.org/packages/22/32/708bedc9dde7b328d45abbc076091769d44f2f24ad151ad92d56a6ec142b/pymupdf-1.27.2.3.tar.gz", hash = "sha256:7a92faa25129e8bbec5e50eeb9214f187665428c31b05c4ef6e36c58c0b1c6d2", size = 85759618, upload-time = "2026-04-24T14:13:14.42Z" }
wheels = [
    { url = "https://files.pythonhosted.org/packages/dc/09/ddbdfa7ee91fbabd6f63d7d744884cbdfe3e7ff9b8604749fb38bddf5c5d/pymupdf-1.27.2.3-cp310-abi3-macosx_10_9_x86_64.whl", hash = "sha256:fc1bc3cae6e9e150b0dbb0a9221bdfd411d65f0db2fe359eaa22467d7cc2a05f", size = 24002636, upload-time = "2026-04-24T14:09:17.459Z" },
    { url = "https://files.pythonhosted.org/packages/01/89/3f8edd6c4f50ca370e2a2f2a3011face36f3760728ffe76dffec91c0fca0/pymupdf-1.27.2.3-cp310-abi3-macosx_11_0_arm64.whl", hash = "sha256:660d93cb6da5bbddf11d3982ae27745dd3a9902d9f24cdb69adab83962294b5a", size = 23278238, upload-time = "2026-04-24T14:09:32.882Z" },
    { url = "https://files.pythonhosted.org/packages/c3/26/b7e5a70eb83bd189f8b5df87ec442746b992f2f632662839b288170d357d/pymupdf-1.27.2.3-cp310-abi3-manylinux_2_28_aarch64.whl", hash = "sha256:1dd460a3ae4597a755f00a3bd9771f5ebf1531dc111f6a36bf05dd00a6b84425", size = 24333923, upload-time = "2026-04-24T14:09:47.341Z" },
    { url = "https://files.pythonhosted.org/packages/e4/a0/aa1ee2240f29481a04a827c313333b4ecd8a14d6ac3e15d3f41a30574781/pymupdf-1.27.2.3-cp310-abi3-manylinux_2_28_x86_64.whl", hash = "sha256:857842b4888827bd6155a1131341b2822a7ebe9a8c15a975fd7d490d7a64a30c", size = 24963198, upload-time = "2026-04-24T14:10:07.408Z" },
    { url = "https://files.pythonhosted.org/packages/69/49/4f742451f980840829fc00ba158bebb25d389c846d8f4f8c65936ee55de8/pymupdf-1.27.2.3-cp310-abi3-musllinux_1_2_x86_64.whl", hash = "sha256:580983849c64a08d08344ca3d1580e87c01f046a8392421797bc850efd72a5b6", size = 25184609, upload-time = "2026-04-24T14:10:22.911Z" },
    { url = "https://files.pythonhosted.org/packages/f6/3f/3853d6608f394faf6eec2bd4e8ea9f6a00beea329b071abdb29f4164cc3d/pymupdf-1.27.2.3-cp310-abi3-win32.whl", hash = "sha256:a5c1088a87189891a4946ab314a14b7934ac4c5b6077f7e74ebee956f8906d0e", size = 18019286, upload-time = "2026-04-24T14:10:34.239Z" },
    { url = "https://files.pythonhosted.org/packages/44/47/5fb10fe73f96b31253a41647c362ea9e0380920bddf16028414a051247fc/pymupdf-1.27.2.3-cp310-abi3-win_amd64.whl", hash = "sha256:d20f68ef15195e073071dbc4ae7455257c7889af7584e39df490c0a92728526e", size = 19249102, upload-time = "2026-04-24T14:10:46.72Z" },
    { url = "https://files.pythonhosted.org/packages/53/a4/b9e91aac82293f9c954654c85581ee8212b5b05efadc534b581141241e6f/pymupdf-1.27.2.3-cp314-cp314t-manylinux_2_28_x86_64.whl", hash = "sha256:77691604c5d1d0233827139bbcdea61fd57879c84712b8e49b1f45520f7ab9c2", size = 25000393, upload-time = "2026-04-24T14:11:01.669Z" },
]

[[package]]
name = "pytest"
version = "9.0.3"
source = { registry = "https://pypi.org/simple" }
dependencies = [
    { name = "colorama", marker = "sys_platform == 'win32'" },
    { name = "iniconfig" },
    { name = "packaging" },
    { name = "pluggy" },
    { name = "pygments" },
]
sdist = { url = "https://files.pythonhosted.org/packages/7d/0d/549bd94f1a0a402dc8cf64563a117c0f3765662e2e668477624baeec44d5/pytest-9.0.3.tar.gz", hash = "sha256:b86ada508af81d19edeb213c681b1d48246c1a91d304c6c81a427674c17eb91c", size = 1572165, upload-time = "2026-04-07T17:16:18.027Z" }
wheels = [
    { url = "https://files.pythonhosted.org/packages/d4/24/a372aaf5c9b7208e7112038812994107bc65a84cd00e0354a88c2c77a617/pytest-9.0.3-py3-none-any.whl", hash = "sha256:2c5efc453d45394fdd706ade797c0a81091eccd1d6e4bccfcd476e2b8e0ab5d9", size = 375249, upload-time = "2026-04-07T17:16:16.13Z" },
]

[[package]]
name = "tree-sitter"
version = "0.25.2"
source = { registry = "https://pypi.org/simple" }
sdist = { url = "https://files.pythonhosted.org/packages/66/7c/0350cfc47faadc0d3cf7d8237a4e34032b3014ddf4a12ded9933e1648b55/tree-sitter-0.25.2.tar.gz", hash = "sha256:fe43c158555da46723b28b52e058ad444195afd1db3ca7720c59a254544e9c20", size = 177961, upload-time = "2025-09-25T17:37:59.751Z" }
wheels = [
    { url = "https://files.pythonhosted.org/packages/3c/9e/20c2a00a862f1c2897a436b17edb774e831b22218083b459d0d081c9db33/tree_sitter-0.25.2-cp312-cp312-macosx_10_13_x86_64.whl", hash = "sha256:ddabfff809ffc983fc9963455ba1cecc90295803e06e140a4c83e94c1fa3d960", size = 146941, upload-time = "2025-09-25T17:37:34.813Z" },
    { url = "https://files.pythonhosted.org/packages/ef/04/8512e2062e652a1016e840ce36ba1cc33258b0dcc4e500d8089b4054afec/tree_sitter-0.25.2-cp312-cp312-macosx_11_0_arm64.whl", hash = "sha256:c0c0ab5f94938a23fe81928a21cc0fac44143133ccc4eb7eeb1b92f84748331c", size = 137699, upload-time = "2025-09-25T17:37:36.349Z" },
    { url = "https://files.pythonhosted.org/packages/47/8a/d48c0414db19307b0fb3bb10d76a3a0cbe275bb293f145ee7fba2abd668e/tree_sitter-0.25.2-cp312-cp312-manylinux2014_aarch64.manylinux_2_17_aarch64.manylinux_2_28_aarch64.whl", hash = "sha256:dd12d80d91d4114ca097626eb82714618dcdfacd6a5e0955216c6485c350ef99", size = 607125, upload-time = "2025-09-25T17:37:37.725Z" },
    { url = "https://files.pythonhosted.org/packages/39/d1/b95f545e9fc5001b8a78636ef942a4e4e536580caa6a99e73dd0a02e87aa/tree_sitter-0.25.2-cp312-cp312-manylinux2014_x86_64.manylinux_2_17_x86_64.manylinux_2_28_x86_64.whl", hash = "sha256:b43a9e4c89d4d0839de27cd4d6902d33396de700e9ff4c5ab7631f277a85ead9", size = 635418, upload-time = "2025-09-25T17:37:38.922Z" },
    { url = "https://files.pythonhosted.org/packages/de/4d/b734bde3fb6f3513a010fa91f1f2875442cdc0382d6a949005cd84563d8f/tree_sitter-0.25.2-cp312-cp312-musllinux_1_2_x86_64.whl", hash = "sha256:fbb1706407c0e451c4f8cc016fec27d72d4b211fdd3173320b1ada7a6c74c3ac", size = 631250, upload-time = "2025-09-25T17:37:40.039Z" },
    { url = "https://files.pythonhosted.org/packages/46/f2/5f654994f36d10c64d50a192239599fcae46677491c8dd53e7579c35a3e3/tree_sitter-0.25.2-cp312-cp312-win_amd64.whl", hash = "sha256:6d0302550bbe4620a5dc7649517c4409d74ef18558276ce758419cf09e578897", size = 127156, upload-time = "2025-09-25T17:37:41.132Z" },
    { url = "https://files.pythonhosted.org/packages/67/23/148c468d410efcf0a9535272d81c258d840c27b34781d625f1f627e2e27d/tree_sitter-0.25.2-cp312-cp312-win_arm64.whl", hash = "sha256:0c8b6682cac77e37cfe5cf7ec388844957f48b7bd8d6321d0ca2d852994e10d5", size = 113984, upload-time = "2025-09-25T17:37:42.074Z" },
    { url = "https://files.pythonhosted.org/packages/8c/67/67492014ce32729b63d7ef318a19f9cfedd855d677de5773476caf771e96/tree_sitter-0.25.2-cp313-cp313-macosx_10_13_x86_64.whl", hash = "sha256:0628671f0de69bb279558ef6b640bcfc97864fe0026d840f872728a86cd6b6cd", size = 146926, upload-time = "2025-09-25T17:37:43.041Z" },
    { url = "https://files.pythonhosted.org/packages/4e/9c/a278b15e6b263e86c5e301c82a60923fa7c59d44f78d7a110a89a413e640/tree_sitter-0.25.2-cp313-cp313-macosx_11_0_arm64.whl", hash = "sha256:f5ddcd3e291a749b62521f71fc953f66f5fd9743973fd6dd962b092773569601", size = 137712, upload-time = "2025-09-25T17:37:44.039Z" },
    { url = "https://files.pythonhosted.org/packages/54/9a/423bba15d2bf6473ba67846ba5244b988cd97a4b1ea2b146822162256794/tree_sitter-0.25.2-cp313-cp313-manylinux2014_aarch64.manylinux_2_17_aarch64.manylinux_2_28_aarch64.whl", hash = "sha256:bd88fbb0f6c3a0f28f0a68d72df88e9755cf5215bae146f5a1bdc8362b772053", size = 607873, upload-time = "2025-09-25T17:37:45.477Z" },
    { url = "https://files.pythonhosted.org/packages/ed/4c/b430d2cb43f8badfb3a3fa9d6cd7c8247698187b5674008c9d67b2a90c8e/tree_sitter-0.25.2-cp313-cp313-manylinux2014_x86_64.manylinux_2_17_x86_64.manylinux_2_28_x86_64.whl", hash = "sha256:b878e296e63661c8e124177cc3084b041ba3f5936b43076d57c487822426f614", size = 636313, upload-time = "2025-09-25T17:37:46.68Z" },
    { url = "https://files.pythonhosted.org/packages/9d/27/5f97098dbba807331d666a0997662e82d066e84b17d92efab575d283822f/tree_sitter-0.25.2-cp313-cp313-musllinux_1_2_x86_64.whl", hash = "sha256:d77605e0d353ba3fe5627e5490f0fbfe44141bafa4478d88ef7954a61a848dae", size = 631370, upload-time = "2025-09-25T17:37:47.993Z" },
    { url = "https://files.pythonhosted.org/packages/d4/3c/87caaed663fabc35e18dc704cd0e9800a0ee2f22bd18b9cbe7c10799895d/tree_sitter-0.25.2-cp313-cp313-win_amd64.whl", hash = "sha256:463c032bd02052d934daa5f45d183e0521ceb783c2548501cf034b0beba92c9b", size = 127157, upload-time = "2025-09-25T17:37:48.967Z" },
    { url = "https://files.pythonhosted.org/packages/d5/23/f8467b408b7988aff4ea40946a4bd1a2c1a73d17156a9d039bbaff1e2ceb/tree_sitter-0.25.2-cp313-cp313-win_arm64.whl", hash = "sha256:b3f63a1796886249bd22c559a5944d64d05d43f2be72961624278eff0dcc5cb8", size = 113975, upload-time = "2025-09-25T17:37:49.922Z" },
    { url = "https://files.pythonhosted.org/packages/07/e3/d9526ba71dfbbe4eba5e51d89432b4b333a49a1e70712aa5590cd22fc74f/tree_sitter-0.25.2-cp314-cp314-macosx_10_13_x86_64.whl", hash = "sha256:65d3c931013ea798b502782acab986bbf47ba2c452610ab0776cf4a8ef150fc0", size = 146776, upload-time = "2025-09-25T17:37:50.898Z" },
    { url = "https://files.pythonhosted.org/packages/42/97/4bd4ad97f85a23011dd8a535534bb1035c4e0bac1234d58f438e15cff51f/tree_sitter-0.25.2-cp314-cp314-macosx_11_0_arm64.whl", hash = "sha256:bda059af9d621918efb813b22fb06b3fe00c3e94079c6143fcb2c565eb44cb87", size = 137732, upload-time = "2025-09-25T17:37:51.877Z" },
    { url = "https://files.pythonhosted.org/packages/b6/19/1e968aa0b1b567988ed522f836498a6a9529a74aab15f09dd9ac1e41f505/tree_sitter-0.25.2-cp314-cp314-manylinux2014_aarch64.manylinux_2_17_aarch64.manylinux_2_28_aarch64.whl", hash = "sha256:eac4e8e4c7060c75f395feec46421eb61212cb73998dbe004b7384724f3682ab", size = 609456, upload-time = "2025-09-25T17:37:52.925Z" },
    { url = "https://files.pythonhosted.org/packages/48/b6/cf08f4f20f4c9094006ef8828555484e842fc468827ad6e56011ab668dbd/tree_sitter-0.25.2-cp314-cp314-manylinux2014_x86_64.manylinux_2_17_x86_64.manylinux_2_28_x86_64.whl", hash = "sha256:260586381b23be33b6191a07cea3d44ecbd6c01aa4c6b027a0439145fcbc3358", size = 636772, upload-time = "2025-09-25T17:37:54.647Z" },
    { url = "https://files.pythonhosted.org/packages/57/e2/d42d55bf56360987c32bc7b16adb06744e425670b823fb8a5786a1cea991/tree_sitter-0.25.2-cp314-cp314-musllinux_1_2_x86_64.whl", hash = "sha256:7d2ee1acbacebe50ba0f85fff1bc05e65d877958f00880f49f9b2af38dce1af0", size = 631522, upload-time = "2025-09-25T17:37:55.833Z" },
    { url = "https://files.pythonhosted.org/packages/03/87/af9604ebe275a9345d88c3ace0cf2a1341aa3f8ef49dd9fc11662132df8a/tree_sitter-0.25.2-cp314-cp314-win_amd64.whl", hash = "sha256:4973b718fcadfb04e59e746abfbb0288694159c6aeecd2add59320c03368c721", size = 130864, upload-time = "2025-09-25T17:37:57.453Z" },
    { url = "https://files.pythonhosted.org/packages/a6/6e/e64621037357acb83d912276ffd30a859ef117f9c680f2e3cb955f47c680/tree_sitter-0.25.2-cp314-cp314-win_arm64.whl", hash = "sha256:b8d4429954a3beb3e844e2872610d2a4800ba4eb42bb1990c6a4b1949b18459f", size = 117470, upload-time = "2025-09-25T17:37:58.431Z" },
]

[[package]]
name = "tree-sitter-python"
version = "0.25.0"
source = { registry = "https://pypi.org/simple" }
sdist = { url = "https://files.pythonhosted.org/packages/b8/8b/c992ff0e768cb6768d5c96234579bf8842b3a633db641455d86dd30d5dac/tree_sitter_python-0.25.0.tar.gz", hash = "sha256:b13e090f725f5b9c86aa455a268553c65cadf325471ad5b65cd29cac8a1a68ac", size = 159845, upload-time = "2025-09-11T06:47:58.159Z" }
wheels = [
    { url = "https://files.pythonhosted.org/packages/cf/64/a4e503c78a4eb3ac46d8e72a29c1b1237fa85238d8e972b063e0751f5a94/tree_sitter_python-0.25.0-cp310-abi3-macosx_10_9_x86_64.whl", hash = "sha256:14a79a47ddef72f987d5a2c122d148a812169d7484ff5c75a3db9609d419f361", size = 73790, upload-time = "2025-09-11T06:47:47.652Z" },
    { url = "https://files.pythonhosted.org/packages/e6/1d/60d8c2a0cc63d6ec4ba4e99ce61b802d2e39ef9db799bdf2a8f932a6cd4b/tree_sitter_python-0.25.0-cp310-abi3-macosx_11_0_arm64.whl", hash = "sha256:480c21dbd995b7fe44813e741d71fed10ba695e7caab627fb034e3828469d762", size = 76691, upload-time = "2025-09-11T06:47:49.038Z" },
    { url = "https://files.pythonhosted.org/packages/aa/cb/d9b0b67d037922d60cbe0359e0c86457c2da721bc714381a63e2c8e35eba/tree_sitter_python-0.25.0-cp310-abi3-manylinux1_x86_64.manylinux_2_28_x86_64.manylinux_2_5_x86_64.whl", hash = "sha256:86f118e5eecad616ecdb81d171a36dde9bef5a0b21ed71ea9c3e390813c3baf5", size = 108133, upload-time = "2025-09-11T06:47:50.499Z" },
    { url = "https://files.pythonhosted.org/packages/40/bd/bf4787f57e6b2860f3f1c8c62f045b39fb32d6bac4b53d7a9e66de968440/tree_sitter_python-0.25.0-cp310-abi3-manylinux2014_aarch64.manylinux_2_17_aarch64.manylinux_2_28_aarch64.whl", hash = "sha256:be71650ca2b93b6e9649e5d65c6811aad87a7614c8c1003246b303f6b150f61b", size = 110603, upload-time = "2025-09-11T06:47:51.985Z" },
    { url = "https://files.pythonhosted.org/packages/5d/25/feff09f5c2f32484fbce15db8b49455c7572346ce61a699a41972dea7318/tree_sitter_python-0.25.0-cp310-abi3-musllinux_1_2_aarch64.whl", hash = "sha256:e6d5b5799628cc0f24691ab2a172a8e676f668fe90dc60468bee14084a35c16d", size = 108998, upload-time = "2025-09-11T06:47:53.046Z" },
    { url = "https://files.pythonhosted.org/packages/75/69/4946da3d6c0df316ccb938316ce007fb565d08f89d02d854f2d308f0309f/tree_sitter_python-0.25.0-cp310-abi3-musllinux_1_2_x86_64.whl", hash = "sha256:71959832fc5d9642e52c11f2f7d79ae520b461e63334927e93ca46cd61cd9683", size = 107268, upload-time = "2025-09-11T06:47:54.388Z" },
    { url = "https://files.pythonhosted.org/packages/ed/a2/996fc2dfa1076dc460d3e2f3c75974ea4b8f02f6bc925383aaae519920e8/tree_sitter_python-0.25.0-cp310-abi3-win_amd64.whl", hash = "sha256:9bcde33f18792de54ee579b00e1b4fe186b7926825444766f849bf7181793a76", size = 76073, upload-time = "2025-09-11T06:47:55.773Z" },
    { url = "https://files.pythonhosted.org/packages/07/19/4b5569d9b1ebebb5907d11554a96ef3fa09364a30fcfabeff587495b512f/tree_sitter_python-0.25.0-cp310-abi3-win_arm64.whl", hash = "sha256:0fbf6a3774ad7e89ee891851204c2e2c47e12b63a5edbe2e9156997731c128bb", size = 74169, upload-time = "2025-09-11T06:47:56.747Z" },
]

[[package]]
name = "vla-study-agent"
version = "0.1.0"
source = { virtual = "." }
dependencies = [
    { name = "pymupdf" },
]

[package.optional-dependencies]
dev = [
    { name = "pytest" },
]
graph = [
    { name = "kuzu" },
    { name = "tree-sitter" },
    { name = "tree-sitter-python" },
]

[package.metadata]
requires-dist = [
    { name = "kuzu", marker = "extra == 'graph'", specifier = ">=0.8.0" },
    { name = "pymupdf", specifier = ">=1.24.0" },
    { name = "pytest", marker = "extra == 'dev'", specifier = ">=7.4" },
    { name = "tree-sitter", marker = "extra == 'graph'", specifier = ">=0.24.0" },
    { name = "tree-sitter-python", marker = "extra == 'graph'", specifier = ">=0.23.6" },
]
provides-extras = ["dev", "graph"]
